// !$*UTF8*$!
{
	archiveVersion = 1;
	classes = {
	};
	objectVersion = 46;
	objects = {

/* Begin PBXBuildFile section */
		69032B2B1D46D56700E19318 /* AppDelegate.swift in Sources */ = {isa = PBXBuildFile; fileRef = 69032B2A1D46D56700E19318 /* AppDelegate.swift */; };
		69032B2D1D46D56700E19318 /* ViewController.swift in Sources */ = {isa = PBXBuildFile; fileRef = 69032B2C1D46D56700E19318 /* ViewController.swift */; };
		69032B301D46D56700E19318 /* Main.storyboard in Resources */ = {isa = PBXBuildFile; fileRef = 69032B2E1D46D56700E19318 /* Main.storyboard */; };
		69032B331D46D56700E19318 /* inngage_swift_sample.xcdatamodeld in Sources */ = {isa = PBXBuildFile; fileRef = 69032B311D46D56700E19318 /* inngage_swift_sample.xcdatamodeld */; };
		69032B351D46D56700E19318 /* Assets.xcassets in Resources */ = {isa = PBXBuildFile; fileRef = 69032B341D46D56700E19318 /* Assets.xcassets */; };
		69032B381D46D56700E19318 /* LaunchScreen.storyboard in Resources */ = {isa = PBXBuildFile; fileRef = 69032B361D46D56700E19318 /* LaunchScreen.storyboard */; };
		69032B401D46D5D800E19318 /* PushNotificationManager.framework in Frameworks */ = {isa = PBXBuildFile; fileRef = 69032B3F1D46D5D800E19318 /* PushNotificationManager.framework */; };
		69032B411D46D5D800E19318 /* PushNotificationManager.framework in Embed Frameworks */ = {isa = PBXBuildFile; fileRef = 69032B3F1D46D5D800E19318 /* PushNotificationManager.framework */; settings = {ATTRIBUTES = (CodeSignOnCopy, RemoveHeadersOnCopy, ); }; };
/* End PBXBuildFile section */

/* Begin PBXCopyFilesBuildPhase section */
		69032B421D46D5D800E19318 /* Embed Frameworks */ = {
			isa = PBXCopyFilesBuildPhase;
			buildActionMask = 2147483647;
			dstPath = "";
			dstSubfolderSpec = 10;
			files = (
				69032B411D46D5D800E19318 /* PushNotificationManager.framework in Embed Frameworks */,
			);
			name = "Embed Frameworks";
			runOnlyForDeploymentPostprocessing = 0;
		};
/* End PBXCopyFilesBuildPhase section */

/* Begin PBXFileReference section */
		69032B271D46D56700E19318 /* inngage-swift-sample.app */ = {isa = PBXFileReference; explicitFileType = wrapper.application; includeInIndex = 0; path = "inngage-swift-sample.app"; sourceTree = BUILT_PRODUCTS_DIR; };
		69032B2A1D46D56700E19318 /* AppDelegate.swift */ = {isa = PBXFileReference; lastKnownFileType = sourcecode.swift; path = AppDelegate.swift; sourceTree = "<group>"; };
		69032B2C1D46D56700E19318 /* ViewController.swift */ = {isa = PBXFileReference; lastKnownFileType = sourcecode.swift; path = ViewController.swift; sourceTree = "<group>"; };
		69032B2F1D46D56700E19318 /* Base */ = {isa = PBXFileReference; lastKnownFileType = file.storyboard; name = Base; path = Base.lproj/Main.storyboard; sourceTree = "<group>"; };
		69032B321D46D56700E19318 /* inngage_swift_sample.xcdatamodel */ = {isa = PBXFileReference; lastKnownFileType = wrapper.xcdatamodel; path = inngage_swift_sample.xcdatamodel; sourceTree = "<group>"; };
		69032B341D46D56700E19318 /* Assets.xcassets */ = {isa = PBXFileReference; lastKnownFileType = folder.assetcatalog; path = Assets.xcassets; sourceTree = "<group>"; };
		69032B371D46D56700E19318 /* Base */ = {isa = PBXFileReference; lastKnownFileType = file.storyboard; name = Base; path = Base.lproj/LaunchScreen.storyboard; sourceTree = "<group>"; };
		69032B391D46D56700E19318 /* Info.plist */ = {isa = PBXFileReference; lastKnownFileType = text.plist.xml; path = Info.plist; sourceTree = "<group>"; };
		69032B3F1D46D5D800E19318 /* PushNotificationManager.framework */ = {isa = PBXFileReference; lastKnownFileType = wrapper.framework; path = PushNotificationManager.framework; sourceTree = "<group>"; };
/* End PBXFileReference section */

/* Begin PBXFrameworksBuildPhase section */
		69032B241D46D56700E19318 /* Frameworks */ = {
			isa = PBXFrameworksBuildPhase;
			buildActionMask = 2147483647;
			files = (
				69032B401D46D5D800E19318 /* PushNotificationManager.framework in Frameworks */,
			);
			runOnlyForDeploymentPostprocessing = 0;
		};
/* End PBXFrameworksBuildPhase section */

/* Begin PBXGroup section */
		69032B1E1D46D56700E19318 = {
			isa = PBXGroup;
			children = (
				69032B3F1D46D5D800E19318 /* PushNotificationManager.framework */,
				69032B291D46D56700E19318 /* inngage-swift-sample */,
				69032B281D46D56700E19318 /* Products */,
			);
			sourceTree = "<group>";
		};
		69032B281D46D56700E19318 /* Products */ = {
			isa = PBXGroup;
			children = (
				69032B271D46D56700E19318 /* inngage-swift-sample.app */,
			);
			name = Products;
			sourceTree = "<group>";
		};
		69032B291D46D56700E19318 /* inngage-swift-sample */ = {
			isa = PBXGroup;
			children = (
				69032B2A1D46D56700E19318 /* AppDelegate.swift */,
				69032B2C1D46D56700E19318 /* ViewController.swift */,
				69032B2E1D46D56700E19318 /* Main.storyboard */,
				69032B341D46D56700E19318 /* Assets.xcassets */,
				69032B361D46D56700E19318 /* LaunchScreen.storyboard */,
				69032B391D46D56700E19318 /* Info.plist */,
				69032B311D46D56700E19318 /* inngage_swift_sample.xcdatamodeld */,
			);
			path = "inngage-swift-sample";
			sourceTree = "<group>";
		};
/* End PBXGroup section */

/* Begin PBXNativeTarget section */
		69032B261D46D56700E19318 /* inngage-swift-sample */ = {
			isa = PBXNativeTarget;
			buildConfigurationList = 69032B3C1D46D56700E19318 /* Build configuration list for PBXNativeTarget "inngage-swift-sample" */;
			buildPhases = (
				69032B231D46D56700E19318 /* Sources */,
				69032B241D46D56700E19318 /* Frameworks */,
				69032B251D46D56700E19318 /* Resources */,
				69032B421D46D5D800E19318 /* Embed Frameworks */,
			);
			buildRules = (
			);
			dependencies = (
			);
			name = "inngage-swift-sample";
			productName = "inngage-swift-sample";
			productReference = 69032B271D46D56700E19318 /* inngage-swift-sample.app */;
			productType = "com.apple.product-type.application";
		};
/* End PBXNativeTarget section */

/* Begin PBXProject section */
		69032B1F1D46D56700E19318 /* Project object */ = {
			isa = PBXProject;
			attributes = {
				LastSwiftUpdateCheck = 0730;
				LastUpgradeCheck = 0730;
				ORGANIZATIONNAME = inngage.me;
				TargetAttributes = {
					69032B261D46D56700E19318 = {
						CreatedOnToolsVersion = 7.3.1;
					};
				};
			};
			buildConfigurationList = 69032B221D46D56700E19318 /* Build configuration list for PBXProject "inngage-swift-sample" */;
			compatibilityVersion = "Xcode 3.2";
			developmentRegion = English;
			hasScannedForEncodings = 0;
			knownRegions = (
				en,
				Base,
			);
			mainGroup = 69032B1E1D46D56700E19318;
			productRefGroup = 69032B281D46D56700E19318 /* Products */;
			projectDirPath = "";
			projectRoot = "";
			targets = (
				69032B261D46D56700E19318 /* inngage-swift-sample */,
			);
		};
/* End PBXProject section */

/* Begin PBXResourcesBuildPhase section */
		69032B251D46D56700E19318 /* Resources */ = {
			isa = PBXResourcesBuildPhase;
			buildActionMask = 2147483647;
			files = (
				69032B381D46D56700E19318 /* LaunchScreen.storyboard in Resources */,
				69032B351D46D56700E19318 /* Assets.xcassets in Resources */,
				69032B301D46D56700E19318 /* Main.storyboard in Resources */,
			);
			runOnlyForDeploymentPostprocessing = 0;
		};
/* End PBXResourcesBuildPhase section */

/* Begin PBXSourcesBuildPhase section */
		69032B231D46D56700E19318 /* Sources */ = {
			isa = PBXSourcesBuildPhase;
			buildActionMask = 2147483647;
			files = (
				69032B2D1D46D56700E19318 /* ViewController.swift in Sources */,
				69032B331D46D56700E19318 /* inngage_swift_sample.xcdatamodeld in Sources */,
				69032B2B1D46D56700E19318 /* AppDelegate.swift in Sources */,
			);
			runOnlyForDeploymentPostprocessing = 0;
		};
/* End PBXSourcesBuildPhase section */

/* Begin PBXVariantGroup section */
		69032B2E1D46D56700E19318 /* Main.storyboard */ = {
			isa = PBXVariantGroup;
			children = (
				69032B2F1D46D56700E19318 /* Base */,
			);
			name = Main.storyboard;
			sourceTree = "<group>";
		};
		69032B361D46D56700E19318 /* LaunchScreen.storyboard */ = {
			isa = PBXVariantGroup;
			children = (
				69032B371D46D56700E19318 /* Base */,
			);
			name = LaunchScreen.storyboard;
			sourceTree = "<group>";
		};
/* End PBXVariantGroup section */

/* Begin XCBuildConfiguration section */
		69032B3A1D46D56700E19318 /* Debug */ = {
			isa = XCBuildConfiguration;
			buildSettings = {
				ALWAYS_SEARCH_USER_PATHS = NO;
				CLANG_ANALYZER_NONNULL = YES;
				CLANG_CXX_LANGUAGE_STANDARD = "gnu++0x";
				CLANG_CXX_LIBRARY = "libc++";
				CLANG_ENABLE_MODULES = YES;
				CLANG_ENABLE_OBJC_ARC = YES;
				CLANG_WARN_BOOL_CONVERSION = YES;
				CLANG_WARN_CONSTANT_CONVERSION = YES;
				CLANG_WARN_DIRECT_OBJC_ISA_USAGE = YES_ERROR;
				CLANG_WARN_EMPTY_BODY = YES;
				CLANG_WARN_ENUM_CONVERSION = YES;
				CLANG_WARN_INT_CONVERSION = YES;
				CLANG_WARN_OBJC_ROOT_CLASS = YES_ERROR;
				CLANG_WARN_UNREACHABLE_CODE = YES;
				CLANG_WARN__DUPLICATE_METHOD_MATCH = YES;
				"CODE_SIGN_IDENTITY[sdk=iphoneos*]" = "iPhone Developer";
				COPY_PHASE_STRIP = NO;
				DEBUG_INFORMATION_FORMAT = dwarf;
				ENABLE_STRICT_OBJC_MSGSEND = YES;
				ENABLE_TESTABILITY = YES;
				GCC_C_LANGUAGE_STANDARD = gnu99;
				GCC_DYNAMIC_NO_PIC = NO;
				GCC_NO_COMMON_BLOCKS = YES;
				GCC_OPTIMIZATION_LEVEL = 0;
				GCC_PREPROCESSOR_DEFINITIONS = (
					"DEBUG=1",
					"$(inherited)",
				);
				GCC_WARN_64_TO_32_BIT_CONVERSION = YES;
				GCC_WARN_ABOUT_RETURN_TYPE = YES_ERROR;
				GCC_WARN_UNDECLARED_SELECTOR = YES;
				GCC_WARN_UNINITIALIZED_AUTOS = YES_AGGRESSIVE;
				GCC_WARN_UNUSED_FUNCTION = YES;
				GCC_WARN_UNUSED_VARIABLE = YES;
				IPHONEOS_DEPLOYMENT_TARGET = 9.3;
				MTL_ENABLE_DEBUG_INFO = YES;
				ONLY_ACTIVE_ARCH = YES;
				SDKROOT = iphoneos;
				SWIFT_OPTIMIZATION_LEVEL = "-Onone";
			};
			name = Debug;
		};
		69032B3B1D46D56700E19318 /* Release */ = {
			isa = XCBuildConfiguration;
			buildSettings = {
				ALWAYS_SEARCH_USER_PATHS = NO;
				CLANG_ANALYZER_NONNULL = YES;
				CLANG_CXX_LANGUAGE_STANDARD = "gnu++0x";
				CLANG_CXX_LIBRARY = "libc++";
				CLANG_ENABLE_MODULES = YES;
				CLANG_ENABLE_OBJC_ARC = YES;
				CLANG_WARN_BOOL_CONVERSION = YES;
				CLANG_WARN_CONSTANT_CONVERSION = YES;
				CLANG_WARN_DIRECT_OBJC_ISA_USAGE = YES_ERROR;
				CLANG_WARN_EMPTY_BODY = YES;
				CLANG_WARN_ENUM_CONVERSION = YES;
				CLANG_WARN_INT_CONVERSION = YES;
				CLANG_WARN_OBJC_ROOT_CLASS = YES_ERROR;
				CLANG_WARN_UNREACHABLE_CODE = YES;
				CLANG_WARN__DUPLICATE_METHOD_MATCH = YES;
				"CODE_SIGN_IDENTITY[sdk=iphoneos*]" = "iPhone Developer";
				COPY_PHASE_STRIP = NO;
				DEBUG_INFORMATION_FORMAT = "dwarf-with-dsym";
				ENABLE_NS_ASSERTIONS = NO;
				ENABLE_STRICT_OBJC_MSGSEND = YES;
				GCC_C_LANGUAGE_STANDARD = gnu99;
				GCC_NO_COMMON_BLOCKS = YES;
				GCC_WARN_64_TO_32_BIT_CONVERSION = YES;
				GCC_WARN_ABOUT_RETURN_TYPE = YES_ERROR;
				GCC_WARN_UNDECLARED_SELECTOR = YES;
				GCC_WARN_UNINITIALIZED_AUTOS = YES_AGGRESSIVE;
				GCC_WARN_UNUSED_FUNCTION = YES;
				GCC_WARN_UNUSED_VARIABLE = YES;
				IPHONEOS_DEPLOYMENT_TARGET = 9.3;
				MTL_ENABLE_DEBUG_INFO = NO;
				SDKROOT = iphoneos;
				VALIDATE_PRODUCT = YES;
			};
			name = Release;
		};
		69032B3D1D46D56700E19318 /* Debug */ = {
			isa = XCBuildConfiguration;
			buildSettings = {
				ASSETCATALOG_COMPILER_APPICON_NAME = AppIcon;
				EMBEDDED_CONTENT_CONTAINS_SWIFT = YES;
				ENABLE_BITCODE = NO;
				FRAMEWORK_SEARCH_PATHS = (
					"$(inherited)",
					"$(PROJECT_DIR)",
				);
				INFOPLIST_FILE = "inngage-swift-sample/Info.plist";
				LD_RUNPATH_SEARCH_PATHS = "$(inherited) @executable_path/Frameworks";
				PRODUCT_BUNDLE_IDENTIFIER = br.com.inngage.sample;
				PRODUCT_NAME = "$(TARGET_NAME)";
			};
			name = Debug;
		};
		69032B3E1D46D56700E19318 /* Release */ = {
			isa = XCBuildConfiguration;
			buildSettings = {
				ASSETCATALOG_COMPILER_APPICON_NAME = AppIcon;
				EMBEDDED_CONTENT_CONTAINS_SWIFT = YES;
				ENABLE_BITCODE = NO;
				FRAMEWORK_SEARCH_PATHS = (
					"$(inherited)",
					"$(PROJECT_DIR)",
				);
				INFOPLIST_FILE = "inngage-swift-sample/Info.plist";
				LD_RUNPATH_SEARCH_PATHS = "$(inherited) @executable_path/Frameworks";
				PRODUCT_BUNDLE_IDENTIFIER = br.com.inngage.sample;
				PRODUCT_NAME = "$(TARGET_NAME)";
			};
			name = Release;
		};
/* End XCBuildConfiguration section */

/* Begin XCConfigurationList section */
		69032B221D46D56700E19318 /* Build configuration list for PBXProject "inngage-swift-sample" */ = {
			isa = XCConfigurationList;
			buildConfigurations = (
				69032B3A1D46D56700E19318 /* Debug */,
				69032B3B1D46D56700E19318 /* Release */,
			);
			defaultConfigurationIsVisible = 0;
			defaultConfigurationName = Release;
		};
		69032B3C1D46D56700E19318 /* Build configuration list for PBXNativeTarget "inngage-swift-sample" */ = {
			isa = XCConfigurationList;
			buildConfigurations = (
				69032B3D1D46D56700E19318 /* Debug */,
				69032B3E1D46D56700E19318 /* Release */,
			);
			defaultConfigurationIsVisible = 0;
		};
/* End XCConfigurationList section */

/* Begin XCVersionGroup section */
		69032B311D46D56700E19318 /* inngage_swift_sample.xcdatamodeld */ = {
			isa = XCVersionGroup;
			children = (
				69032B321D46D56700E19318 /* inngage_swift_sample.xcdatamodel */,
			);
			currentVersion = 69032B321D46D56700E19318 /* inngage_swift_sample.xcdatamodel */;
			path = inngage_swift_sample.xcdatamodeld;
			sourceTree = "<group>";
			versionGroupType = wrapper.xcdatamodel;
		};
/* End XCVersionGroup section */
	};
	rootObject = 69032B1F1D46D56700E19318 /* Project object */;
}
